{
  "markbot": "0f38a0c887d8abdc1bf51bf493b8ba1535d69535011dcca4c00da95c8b114832",
  "markbotignore": "030a4e6e1b3b6b510514a7ae54576e2c2ef762d56236c6414ef634955d96a126",
  "index-320.png": "04160fc0dbe00e7cfe75d77e61b6d8616a49a893c4bab377b124431d2b05a07f",
  "index-400.png": "52941f954790ff6334234364289758c2da0b5533ee42fb53283b5ab29d279d45",
  "index-608.png": "858432eb9a1bd70a9bff6a8ad50da05bbe917b666f05c5f16cdf380ac41a1aca",
  "index-960.png": "03b00b9dd87cdabd5871e40fe8591baf1de3e1549541a78b8ab8959498fbe8f8",
  "index-1440.png": "5a2fa26f70d9e0276baa3c9248f1a879c3621ce574fd1cd7f51d6e0cf593179e"
}